
Microsoft Visual Studio Solution File, Format Version 12.00
# Visual Studio Version 17
VisualStudioVersion = 17.14.36623.8
MinimumVisualStudioVersion = 10.0.40219.1
Project("{2150E333-8FDC-42A3-9474-1A3956D46DE8}") = "Task0", "Task0", "{02EA681E-C7D8-13C7-8484-4AC65E1B71E8}"
EndProject
Project("{2150E333-8FDC-42A3-9474-1A3956D46DE8}") = "Task1", "Task1", "{5ABDAA40-84CD-4FB7-9DEA-95500FA869E1}"
EndProject
Project("{2150E333-8FDC-42A3-9474-1A3956D46DE8}") = "Task2", "Task2", "{33BE81CB-A0BE-4CFE-AB98-1879974EA408}"
EndProject
Project("{FAE04EC0-301F-11D3-BF4B-00C04F79EFBC}") = "Tyuiu.Programmiste.Sprint3.Task0.V10.Test", "Tyuiu.Programmiste.Sprint3.Task0.V10.Test\Tyuiu.Programmiste.Sprint3.Task0.V10.Test.csproj", "{F4D35E6B-06B8-4805-85DF-C28D981A5FCD}"
EndProject
Project("{FAE04EC0-301F-11D3-BF4B-00C04F79EFBC}") = "Tyuiu.Programmiste.Sprint3.Task0.V10.Lib", "Tyuiu.Programmiste.Sprint3.Task0.V10.Lib\Tyuiu.Programmiste.Sprint3.Task0.V10.Lib.csproj", "{008F9373-D2C6-4FDA-89CE-EFE1FF24625A}"
EndProject
Project("{FAE04EC0-301F-11D3-BF4B-00C04F79EFBC}") = "Tyuiu.Programmiste.Sprint3.Task0.V10", "Tyuiu.Programmiste.Sprint3.Task0.V10\Tyuiu.Programmiste.Sprint3.Task0.V10.csproj", "{6A40FEEB-4FD8-44CA-863D-B7D6656C5928}"
EndProject
Project("{FAE04EC0-301F-11D3-BF4B-00C04F79EFBC}") = "Tyuiu.Programmiste.Sprint3.Task1.V8", "Tyuiu.Programmiste.Sprint3.Task1.V8\Tyuiu.Programmiste.Sprint3.Task1.V8.csproj", "{933B2D82-C40C-4A42-8F33-1A1C8EF8AB3F}"
EndProject
Project("{FAE04EC0-301F-11D3-BF4B-00C04F79EFBC}") = "Tyuiu.Programmiste.Sprint3.Task1.V8.Lib", "Tyuiu.Programmiste.Sprint3.Task1.V8.Lib\Tyuiu.Programmiste.Sprint3.Task1.V8.Lib.csproj", "{22CF04F7-E884-4BB4-AF11-3835035234D8}"
EndProject
Project("{FAE04EC0-301F-11D3-BF4B-00C04F79EFBC}") = "Tyuiu.Programmiste.Sprint3.Task1.V8.Test", "Tyuiu.Programmiste.Sprint3.Task1.V8.Test\Tyuiu.Programmiste.Sprint3.Task1.V8.Test.csproj", "{C6A5C6F4-F2B3-4F0B-955A-855A6B6ED378}"
EndProject
Project("{FAE04EC0-301F-11D3-BF4B-00C04F79EFBC}") = "Tyuiu.Programmiste.Sprint3.Task2.V30.Test", "Tyuiu.Programmiste.Sprint3.Task2.V30.Test\Tyuiu.Programmiste.Sprint3.Task2.V30.Test.csproj", "{B264A441-4BEA-4260-9809-133A9A8D711B}"
EndProject
Project("{FAE04EC0-301F-11D3-BF4B-00C04F79EFBC}") = "Tyuiu.Programmiste.Sprint3.Task2.V30.Lib", "Tyuiu.Programmiste.Sprint3.Task2.V30.Lib\Tyuiu.Programmiste.Sprint3.Task2.V30.Lib.csproj", "{3537589B-281E-419B-9543-AAE705D7F7D8}"
EndProject
Project("{FAE04EC0-301F-11D3-BF4B-00C04F79EFBC}") = "Tyuiu.Programmiste.Sprint3.Task2.V30", "Tyuiu.Programmiste.Sprint3.Task2.V30\Tyuiu.Programmiste.Sprint3.Task2.V30.csproj", "{511F0894-46E5-4223-8D56-90A9AC954C7A}"
EndProject
Project("{2150E333-8FDC-42A3-9474-1A3956D46DE8}") = "Task4", "Task4", "{F47F06B1-D29A-4386-A60C-DA3945D5871E}"
EndProject
Project("{2150E333-8FDC-42A3-9474-1A3956D46DE8}") = "Task5", "Task5", "{C5D8BF48-1D0F-4707-A3AD-DF3F0B5C3092}"
EndProject
Project("{2150E333-8FDC-42A3-9474-1A3956D46DE8}") = "Task3", "Task3", "{1E11D27B-F438-4A56-8387-A2FC1D09EAEC}"
EndProject
Project("{FAE04EC0-301F-11D3-BF4B-00C04F79EFBC}") = "Tyuiu.Programmiste.Sprint3.Task3.V18.Test", "Tyuiu.Programmiste.Sprint3.Task3.V18.Test\Tyuiu.Programmiste.Sprint3.Task3.V18.Test.csproj", "{3439F88D-ADEC-4E21-A55F-118E4DFA8CD0}"
EndProject
Project("{FAE04EC0-301F-11D3-BF4B-00C04F79EFBC}") = "Tyuiu.Programmiste.Sprint3.Task3.V18.Lib", "Tyuiu.Programmiste.Sprint3.Task3.V18.Lib\Tyuiu.Programmiste.Sprint3.Task3.V18.Lib.csproj", "{8DCF53AE-879C-4790-AB16-8466D58123BA}"
EndProject
Project("{FAE04EC0-301F-11D3-BF4B-00C04F79EFBC}") = "Tyuiu.Programmiste.Sprint3.Task3.V18", "Tyuiu.Programmiste.Sprint3.Task3.V18\Tyuiu.Programmiste.Sprint3.Task3.V18.csproj", "{E8088E8C-017A-43C2-A431-CA3505CFDF75}"
EndProject
Project("{FAE04EC0-301F-11D3-BF4B-00C04F79EFBC}") = "Tyuiu.Programmiste.Sprint3.Task4.V16", "Tyuiu.Programmiste.Sprint3.Task4.V16\Tyuiu.Programmiste.Sprint3.Task4.V16.csproj", "{DD858B01-90D8-433A-9B7C-200D9F90ACED}"
EndProject
Project("{FAE04EC0-301F-11D3-BF4B-00C04F79EFBC}") = "Tyuiu.Programmiste.Sprint3.Task4.V16.Lib", "Tyuiu.Programmiste.Sprint3.Task4.V16.Lib\Tyuiu.Programmiste.Sprint3.Task4.V16.Lib.csproj", "{A4699A75-EC82-4EBF-ACDE-753FE008B44C}"
EndProject
Project("{FAE04EC0-301F-11D3-BF4B-00C04F79EFBC}") = "Tyuiu.Programmiste.Sprint3.Task4.V16.Test", "Tyuiu.Programmiste.Sprint3.Task4.V16.Test\Tyuiu.Programmiste.Sprint3.Task4.V16.Test.csproj", "{5B5C3117-1409-4815-8B42-70BA9DF57047}"
EndProject
Global
	GlobalSection(SolutionConfigurationPlatforms) = preSolution
		Debug|Any CPU = Debug|Any CPU
		Release|Any CPU = Release|Any CPU
	EndGlobalSection
	GlobalSection(ProjectConfigurationPlatforms) = postSolution
		{F4D35E6B-06B8-4805-85DF-C28D981A5FCD}.Debug|Any CPU.ActiveCfg = Debug|Any CPU
		{F4D35E6B-06B8-4805-85DF-C28D981A5FCD}.Debug|Any CPU.Build.0 = Debug|Any CPU
		{F4D35E6B-06B8-4805-85DF-C28D981A5FCD}.Release|Any CPU.ActiveCfg = Release|Any CPU
		{F4D35E6B-06B8-4805-85DF-C28D981A5FCD}.Release|Any CPU.Build.0 = Release|Any CPU
		{008F9373-D2C6-4FDA-89CE-EFE1FF24625A}.Debug|Any CPU.ActiveCfg = Debug|Any CPU
		{008F9373-D2C6-4FDA-89CE-EFE1FF24625A}.Debug|Any CPU.Build.0 = Debug|Any CPU
		{008F9373-D2C6-4FDA-89CE-EFE1FF24625A}.Release|Any CPU.ActiveCfg = Release|Any CPU
		{008F9373-D2C6-4FDA-89CE-EFE1FF24625A}.Release|Any CPU.Build.0 = Release|Any CPU
		{6A40FEEB-4FD8-44CA-863D-B7D6656C5928}.Debug|Any CPU.ActiveCfg = Debug|Any CPU
		{6A40FEEB-4FD8-44CA-863D-B7D6656C5928}.Debug|Any CPU.Build.0 = Debug|Any CPU
		{6A40FEEB-4FD8-44CA-863D-B7D6656C5928}.Release|Any CPU.ActiveCfg = Release|Any CPU
		{6A40FEEB-4FD8-44CA-863D-B7D6656C5928}.Release|Any CPU.Build.0 = Release|Any CPU
		{933B2D82-C40C-4A42-8F33-1A1C8EF8AB3F}.Debug|Any CPU.ActiveCfg = Debug|Any CPU
		{933B2D82-C40C-4A42-8F33-1A1C8EF8AB3F}.Debug|Any CPU.Build.0 = Debug|Any CPU
		{933B2D82-C40C-4A42-8F33-1A1C8EF8AB3F}.Release|Any CPU.ActiveCfg = Release|Any CPU
		{933B2D82-C40C-4A42-8F33-1A1C8EF8AB3F}.Release|Any CPU.Build.0 = Release|Any CPU
		{22CF04F7-E884-4BB4-AF11-3835035234D8}.Debug|Any CPU.ActiveCfg = Debug|Any CPU
		{22CF04F7-E884-4BB4-AF11-3835035234D8}.Debug|Any CPU.Build.0 = Debug|Any CPU
		{22CF04F7-E884-4BB4-AF11-3835035234D8}.Release|Any CPU.ActiveCfg = Release|Any CPU
		{22CF04F7-E884-4BB4-AF11-3835035234D8}.Release|Any CPU.Build.0 = Release|Any CPU
		{C6A5C6F4-F2B3-4F0B-955A-855A6B6ED378}.Debug|Any CPU.ActiveCfg = Debug|Any CPU
		{C6A5C6F4-F2B3-4F0B-955A-855A6B6ED378}.Debug|Any CPU.Build.0 = Debug|Any CPU
		{C6A5C6F4-F2B3-4F0B-955A-855A6B6ED378}.Release|Any CPU.ActiveCfg = Release|Any CPU
		{C6A5C6F4-F2B3-4F0B-955A-855A6B6ED378}.Release|Any CPU.Build.0 = Release|Any CPU
		{B264A441-4BEA-4260-9809-133A9A8D711B}.Debug|Any CPU.ActiveCfg = Debug|Any CPU
		{B264A441-4BEA-4260-9809-133A9A8D711B}.Debug|Any CPU.Build.0 = Debug|Any CPU
		{B264A441-4BEA-4260-9809-133A9A8D711B}.Release|Any CPU.ActiveCfg = Release|Any CPU
		{B264A441-4BEA-4260-9809-133A9A8D711B}.Release|Any CPU.Build.0 = Release|Any CPU
		{3537589B-281E-419B-9543-AAE705D7F7D8}.Debug|Any CPU.ActiveCfg = Debug|Any CPU
		{3537589B-281E-419B-9543-AAE705D7F7D8}.Debug|Any CPU.Build.0 = Debug|Any CPU
		{3537589B-281E-419B-9543-AAE705D7F7D8}.Release|Any CPU.ActiveCfg = Release|Any CPU
		{3537589B-281E-419B-9543-AAE705D7F7D8}.Release|Any CPU.Build.0 = Release|Any CPU
		{511F0894-46E5-4223-8D56-90A9AC954C7A}.Debug|Any CPU.ActiveCfg = Debug|Any CPU
		{511F0894-46E5-4223-8D56-90A9AC954C7A}.Debug|Any CPU.Build.0 = Debug|Any CPU
		{511F0894-46E5-4223-8D56-90A9AC954C7A}.Release|Any CPU.ActiveCfg = Release|Any CPU
		{511F0894-46E5-4223-8D56-90A9AC954C7A}.Release|Any CPU.Build.0 = Release|Any CPU
		{3439F88D-ADEC-4E21-A55F-118E4DFA8CD0}.Debug|Any CPU.ActiveCfg = Debug|Any CPU
		{3439F88D-ADEC-4E21-A55F-118E4DFA8CD0}.Debug|Any CPU.Build.0 = Debug|Any CPU
		{3439F88D-ADEC-4E21-A55F-118E4DFA8CD0}.Release|Any CPU.ActiveCfg = Release|Any CPU
		{3439F88D-ADEC-4E21-A55F-118E4DFA8CD0}.Release|Any CPU.Build.0 = Release|Any CPU
		{8DCF53AE-879C-4790-AB16-8466D58123BA}.Debug|Any CPU.ActiveCfg = Debug|Any CPU
		{8DCF53AE-879C-4790-AB16-8466D58123BA}.Debug|Any CPU.Build.0 = Debug|Any CPU
		{8DCF53AE-879C-4790-AB16-8466D58123BA}.Release|Any CPU.ActiveCfg = Release|Any CPU
		{8DCF53AE-879C-4790-AB16-8466D58123BA}.Release|Any CPU.Build.0 = Release|Any CPU
		{E8088E8C-017A-43C2-A431-CA3505CFDF75}.Debug|Any CPU.ActiveCfg = Debug|Any CPU
		{E8088E8C-017A-43C2-A431-CA3505CFDF75}.Debug|Any CPU.Build.0 = Debug|Any CPU
		{E8088E8C-017A-43C2-A431-CA3505CFDF75}.Release|Any CPU.ActiveCfg = Release|Any CPU
		{E8088E8C-017A-43C2-A431-CA3505CFDF75}.Release|Any CPU.Build.0 = Release|Any CPU
		{DD858B01-90D8-433A-9B7C-200D9F90ACED}.Debug|Any CPU.ActiveCfg = Debug|Any CPU
		{DD858B01-90D8-433A-9B7C-200D9F90ACED}.Debug|Any CPU.Build.0 = Debug|Any CPU
		{DD858B01-90D8-433A-9B7C-200D9F90ACED}.Release|Any CPU.ActiveCfg = Release|Any CPU
		{DD858B01-90D8-433A-9B7C-200D9F90ACED}.Release|Any CPU.Build.0 = Release|Any CPU
		{A4699A75-EC82-4EBF-ACDE-753FE008B44C}.Debug|Any CPU.ActiveCfg = Debug|Any CPU
		{A4699A75-EC82-4EBF-ACDE-753FE008B44C}.Debug|Any CPU.Build.0 = Debug|Any CPU
		{A4699A75-EC82-4EBF-ACDE-753FE008B44C}.Release|Any CPU.ActiveCfg = Release|Any CPU
		{A4699A75-EC82-4EBF-ACDE-753FE008B44C}.Release|Any CPU.Build.0 = Release|Any CPU
		{5B5C3117-1409-4815-8B42-70BA9DF57047}.Debug|Any CPU.ActiveCfg = Debug|Any CPU
		{5B5C3117-1409-4815-8B42-70BA9DF57047}.Debug|Any CPU.Build.0 = Debug|Any CPU
		{5B5C3117-1409-4815-8B42-70BA9DF57047}.Release|Any CPU.ActiveCfg = Release|Any CPU
		{5B5C3117-1409-4815-8B42-70BA9DF57047}.Release|Any CPU.Build.0 = Release|Any CPU
	EndGlobalSection
	GlobalSection(SolutionProperties) = preSolution
		HideSolutionNode = FALSE
	EndGlobalSection
	GlobalSection(NestedProjects) = preSolution
		{F4D35E6B-06B8-4805-85DF-C28D981A5FCD} = {02EA681E-C7D8-13C7-8484-4AC65E1B71E8}
		{008F9373-D2C6-4FDA-89CE-EFE1FF24625A} = {02EA681E-C7D8-13C7-8484-4AC65E1B71E8}
		{6A40FEEB-4FD8-44CA-863D-B7D6656C5928} = {02EA681E-C7D8-13C7-8484-4AC65E1B71E8}
		{933B2D82-C40C-4A42-8F33-1A1C8EF8AB3F} = {5ABDAA40-84CD-4FB7-9DEA-95500FA869E1}
		{22CF04F7-E884-4BB4-AF11-3835035234D8} = {5ABDAA40-84CD-4FB7-9DEA-95500FA869E1}
		{C6A5C6F4-F2B3-4F0B-955A-855A6B6ED378} = {5ABDAA40-84CD-4FB7-9DEA-95500FA869E1}
		{B264A441-4BEA-4260-9809-133A9A8D711B} = {33BE81CB-A0BE-4CFE-AB98-1879974EA408}
		{3537589B-281E-419B-9543-AAE705D7F7D8} = {33BE81CB-A0BE-4CFE-AB98-1879974EA408}
		{511F0894-46E5-4223-8D56-90A9AC954C7A} = {33BE81CB-A0BE-4CFE-AB98-1879974EA408}
		{3439F88D-ADEC-4E21-A55F-118E4DFA8CD0} = {1E11D27B-F438-4A56-8387-A2FC1D09EAEC}
		{8DCF53AE-879C-4790-AB16-8466D58123BA} = {1E11D27B-F438-4A56-8387-A2FC1D09EAEC}
		{E8088E8C-017A-43C2-A431-CA3505CFDF75} = {1E11D27B-F438-4A56-8387-A2FC1D09EAEC}
		{DD858B01-90D8-433A-9B7C-200D9F90ACED} = {F47F06B1-D29A-4386-A60C-DA3945D5871E}
		{A4699A75-EC82-4EBF-ACDE-753FE008B44C} = {F47F06B1-D29A-4386-A60C-DA3945D5871E}
		{5B5C3117-1409-4815-8B42-70BA9DF57047} = {F47F06B1-D29A-4386-A60C-DA3945D5871E}
	EndGlobalSection
	GlobalSection(ExtensibilityGlobals) = postSolution
		SolutionGuid = {33FFBF72-C3BC-45D9-869D-FFDB5E8DD09A}
	EndGlobalSection
EndGlobal
